
Microsoft Visual Studio Solution File, Format Version 12.00
# Visual Studio Version 17
VisualStudioVersion = 17.7.34003.232
MinimumVisualStudioVersion = 10.0.40219.1
Project("{FAE04EC0-301F-11D3-BF4B-00C04F79EFBC}") = "Challenge_Collections_List", "Challenge_Collections_List\Challenge_Collections_List.csproj", "{CD7E08EA-2B74-4914-B33D-7970E1E222B9}"
EndProject
Global
	GlobalSection(SolutionConfigurationPlatforms) = preSolution
		Debug|Any CPU = Debug|Any CPU
		Release|Any CPU = Release|Any CPU
	EndGlobalSection
	GlobalSection(ProjectConfigurationPlatforms) = postSolution
		{CD7E08EA-2B74-4914-B33D-7970E1E222B9}.Debug|Any CPU.ActiveCfg = Debug|Any CPU
		{CD7E08EA-2B74-4914-B33D-7970E1E222B9}.Debug|Any CPU.Build.0 = Debug|Any CPU
		{CD7E08EA-2B74-4914-B33D-7970E1E222B9}.Release|Any CPU.ActiveCfg = Release|Any CPU
		{CD7E08EA-2B74-4914-B33D-7970E1E222B9}.Release|Any CPU.Build.0 = Release|Any CPU
	EndGlobalSection
	GlobalSection(SolutionProperties) = preSolution
		HideSolutionNode = FALSE
	EndGlobalSection
	GlobalSection(ExtensibilityGlobals) = postSolution
		SolutionGuid = {590F99EA-B49F-4380-9D0F-2D286536BE2C}
	EndGlobalSection
EndGlobal
