
Microsoft Visual Studio Solution File, Format Version 12.00
# Visual Studio Version 17
VisualStudioVersion = 17.7.34003.232
MinimumVisualStudioVersion = 10.0.40219.1
Project("{FAE04EC0-301F-11D3-BF4B-00C04F79EFBC}") = "Generic_And_NonGeneric_Collections", "Generic_And_NonGeneric_Collections\Generic_And_NonGeneric_Collections.csproj", "{79ABCB3E-93AF-4200-B707-4129CAA545E3}"
EndProject
Global
	GlobalSection(SolutionConfigurationPlatforms) = preSolution
		Debug|Any CPU = Debug|Any CPU
		Release|Any CPU = Release|Any CPU
	EndGlobalSection
	GlobalSection(ProjectConfigurationPlatforms) = postSolution
		{79ABCB3E-93AF-4200-B707-4129CAA545E3}.Debug|Any CPU.ActiveCfg = Debug|Any CPU
		{79ABCB3E-93AF-4200-B707-4129CAA545E3}.Debug|Any CPU.Build.0 = Debug|Any CPU
		{79ABCB3E-93AF-4200-B707-4129CAA545E3}.Release|Any CPU.ActiveCfg = Release|Any CPU
		{79ABCB3E-93AF-4200-B707-4129CAA545E3}.Release|Any CPU.Build.0 = Release|Any CPU
	EndGlobalSection
	GlobalSection(SolutionProperties) = preSolution
		HideSolutionNode = FALSE
	EndGlobalSection
	GlobalSection(ExtensibilityGlobals) = postSolution
		SolutionGuid = {86E18FC2-7487-49E6-9562-E4B55B71B88F}
	EndGlobalSection
EndGlobal
