
Microsoft Visual Studio Solution File, Format Version 12.00
# Visual Studio Version 17
VisualStudioVersion = 17.7.34003.232
MinimumVisualStudioVersion = 10.0.40219.1
Project("{FAE04EC0-301F-11D3-BF4B-00C04F79EFBC}") = "Params_Keyword", "Params_Keyword\Params_Keyword.csproj", "{1F4E555E-1F02-4E2D-8B42-2B984807F1E5}"
EndProject
Global
	GlobalSection(SolutionConfigurationPlatforms) = preSolution
		Debug|Any CPU = Debug|Any CPU
		Release|Any CPU = Release|Any CPU
	EndGlobalSection
	GlobalSection(ProjectConfigurationPlatforms) = postSolution
		{1F4E555E-1F02-4E2D-8B42-2B984807F1E5}.Debug|Any CPU.ActiveCfg = Debug|Any CPU
		{1F4E555E-1F02-4E2D-8B42-2B984807F1E5}.Debug|Any CPU.Build.0 = Debug|Any CPU
		{1F4E555E-1F02-4E2D-8B42-2B984807F1E5}.Release|Any CPU.ActiveCfg = Release|Any CPU
		{1F4E555E-1F02-4E2D-8B42-2B984807F1E5}.Release|Any CPU.Build.0 = Release|Any CPU
	EndGlobalSection
	GlobalSection(SolutionProperties) = preSolution
		HideSolutionNode = FALSE
	EndGlobalSection
	GlobalSection(ExtensibilityGlobals) = postSolution
		SolutionGuid = {F120B21D-C445-425B-A3B8-5FDC13CF8268}
	EndGlobalSection
EndGlobal
